
Microsoft Visual Studio Solution File, Format Version 12.00
# Visual Studio Version 17
VisualStudioVersion = 17.3.32929.385
MinimumVisualStudioVersion = 10.0.40219.1
Project("{FAE04EC0-301F-11D3-BF4B-00C04F79EFBC}") = "LineComparison", "LineComparison.csproj", "{F736180C-DC69-4AA6-9190-6F59D4298584}"
EndProject
Global
	GlobalSection(SolutionConfigurationPlatforms) = preSolution
		Debug|Any CPU = Debug|Any CPU
		Release|Any CPU = Release|Any CPU
	EndGlobalSection
	GlobalSection(ProjectConfigurationPlatforms) = postSolution
		{F736180C-DC69-4AA6-9190-6F59D4298584}.Debug|Any CPU.ActiveCfg = Debug|Any CPU
		{F736180C-DC69-4AA6-9190-6F59D4298584}.Debug|Any CPU.Build.0 = Debug|Any CPU
		{F736180C-DC69-4AA6-9190-6F59D4298584}.Release|Any CPU.ActiveCfg = Release|Any CPU
		{F736180C-DC69-4AA6-9190-6F59D4298584}.Release|Any CPU.Build.0 = Release|Any CPU
	EndGlobalSection
	GlobalSection(SolutionProperties) = preSolution
		HideSolutionNode = FALSE
	EndGlobalSection
	GlobalSection(ExtensibilityGlobals) = postSolution
		SolutionGuid = {330667AC-EFAA-4DDB-97D5-22818E4CE00E}
	EndGlobalSection
EndGlobal
